
Microsoft Visual Studio Solution File, Format Version 12.00
# Visual Studio Version 17
VisualStudioVersion = 17.8.34525.116
MinimumVisualStudioVersion = 10.0.40219.1
Project("{FAE04EC0-301F-11D3-BF4B-00C04F79EFBC}") = "Session", "Session\Session.csproj", "{8D486582-73E1-42C9-81CB-D3B611CCF209}"
EndProject
Global
	GlobalSection(SolutionConfigurationPlatforms) = preSolution
		Debug|Any CPU = Debug|Any CPU
		Release|Any CPU = Release|Any CPU
	EndGlobalSection
	GlobalSection(ProjectConfigurationPlatforms) = postSolution
		{8D486582-73E1-42C9-81CB-D3B611CCF209}.Debug|Any CPU.ActiveCfg = Debug|Any CPU
		{8D486582-73E1-42C9-81CB-D3B611CCF209}.Debug|Any CPU.Build.0 = Debug|Any CPU
		{8D486582-73E1-42C9-81CB-D3B611CCF209}.Debug|Any CPU.Deploy.0 = Debug|Any CPU
		{8D486582-73E1-42C9-81CB-D3B611CCF209}.Release|Any CPU.ActiveCfg = Release|Any CPU
		{8D486582-73E1-42C9-81CB-D3B611CCF209}.Release|Any CPU.Build.0 = Release|Any CPU
		{8D486582-73E1-42C9-81CB-D3B611CCF209}.Release|Any CPU.Deploy.0 = Release|Any CPU
	EndGlobalSection
	GlobalSection(SolutionProperties) = preSolution
		HideSolutionNode = FALSE
	EndGlobalSection
	GlobalSection(ExtensibilityGlobals) = postSolution
		SolutionGuid = {F989B0CD-4019-4585-86B2-F7DB5E9ACE5D}
	EndGlobalSection
EndGlobal
